// !$*UTF8*$!
{
	archiveVersion = 1;
	classes = {
	};
	objectVersion = 46;
	objects = {

/* Begin PBXBuildFile section */
		9635FB641922059B008C9FF8 /* frog.1.png in Resources */ = {isa = PBXBuildFile; fileRef = 9635FB611922059B008C9FF8 /* frog.1.png */; };
		9635FB651922059B008C9FF8 /* frog.1@2x.png in Resources */ = {isa = PBXBuildFile; fileRef = 9635FB621922059B008C9FF8 /* frog.1@2x.png */; };
		9635FB661922059B008C9FF8 /* frog.plist in Resources */ = {isa = PBXBuildFile; fileRef = 9635FB631922059B008C9FF8 /* frog.plist */; };
		96464174191A7E5F0008A0CA /* Foundation.framework in Frameworks */ = {isa = PBXBuildFile; fileRef = 96464173191A7E5F0008A0CA /* Foundation.framework */; };
		96464176191A7E5F0008A0CA /* CoreGraphics.framework in Frameworks */ = {isa = PBXBuildFile; fileRef = 96464175191A7E5F0008A0CA /* CoreGraphics.framework */; };
		96464178191A7E5F0008A0CA /* UIKit.framework in Frameworks */ = {isa = PBXBuildFile; fileRef = 96464177191A7E5F0008A0CA /* UIKit.framework */; };
		9646417A191A7E5F0008A0CA /* SpriteKit.framework in Frameworks */ = {isa = PBXBuildFile; fileRef = 96464179191A7E5F0008A0CA /* SpriteKit.framework */; };
		96464180191A7E5F0008A0CA /* InfoPlist.strings in Resources */ = {isa = PBXBuildFile; fileRef = 9646417E191A7E5F0008A0CA /* InfoPlist.strings */; };
		96464182191A7E5F0008A0CA /* main.m in Sources */ = {isa = PBXBuildFile; fileRef = 96464181191A7E5F0008A0CA /* main.m */; };
		96464186191A7E5F0008A0CA /* AppDelegate.m in Sources */ = {isa = PBXBuildFile; fileRef = 96464185191A7E5F0008A0CA /* AppDelegate.m */; };
		96464189191A7E5F0008A0CA /* Main.storyboard in Resources */ = {isa = PBXBuildFile; fileRef = 96464187191A7E5F0008A0CA /* Main.storyboard */; };
		9646418C191A7E5F0008A0CA /* ViewController.m in Sources */ = {isa = PBXBuildFile; fileRef = 9646418B191A7E5F0008A0CA /* ViewController.m */; };
		9646418F191A7E5F0008A0CA /* MyScene.m in Sources */ = {isa = PBXBuildFile; fileRef = 9646418E191A7E5F0008A0CA /* MyScene.m */; };
		96464191191A7E5F0008A0CA /* Spaceship.png in Resources */ = {isa = PBXBuildFile; fileRef = 96464190191A7E5F0008A0CA /* Spaceship.png */; };
		96464193191A7E5F0008A0CA /* Images.xcassets in Resources */ = {isa = PBXBuildFile; fileRef = 96464192191A7E5F0008A0CA /* Images.xcassets */; };
		9646419A191A7E5F0008A0CA /* XCTest.framework in Frameworks */ = {isa = PBXBuildFile; fileRef = 96464199191A7E5F0008A0CA /* XCTest.framework */; };
		9646419B191A7E5F0008A0CA /* Foundation.framework in Frameworks */ = {isa = PBXBuildFile; fileRef = 96464173191A7E5F0008A0CA /* Foundation.framework */; };
		9646419C191A7E5F0008A0CA /* UIKit.framework in Frameworks */ = {isa = PBXBuildFile; fileRef = 96464177191A7E5F0008A0CA /* UIKit.framework */; };
		964641A4191A7E5F0008A0CA /* InfoPlist.strings in Resources */ = {isa = PBXBuildFile; fileRef = 964641A2191A7E5F0008A0CA /* InfoPlist.strings */; };
		964641A6191A7E5F0008A0CA /* MGDTests.m in Sources */ = {isa = PBXBuildFile; fileRef = 964641A5191A7E5F0008A0CA /* MGDTests.m */; };
		9699ACF3191C5C5700E199B4 /* liquidWater.png in Resources */ = {isa = PBXBuildFile; fileRef = 9699ACF2191C5C5700E199B4 /* liquidWater.png */; };
		9699ACF5191C5E3000E199B4 /* snailWalk1.png in Resources */ = {isa = PBXBuildFile; fileRef = 9699ACF4191C5E3000E199B4 /* snailWalk1.png */; };
		9699ACFF191C7F9F00E199B4 /* frogJump.wav in Resources */ = {isa = PBXBuildFile; fileRef = 9699ACFD191C7F9F00E199B4 /* frogJump.wav */; };
		9699AD00191C7F9F00E199B4 /* waterSplash.wav in Resources */ = {isa = PBXBuildFile; fileRef = 9699ACFE191C7F9F00E199B4 /* waterSplash.wav */; };
/* End PBXBuildFile section */

/* Begin PBXContainerItemProxy section */
		9646419D191A7E5F0008A0CA /* PBXContainerItemProxy */ = {
			isa = PBXContainerItemProxy;
			containerPortal = 96464168191A7E5F0008A0CA /* Project object */;
			proxyType = 1;
			remoteGlobalIDString = 9646416F191A7E5F0008A0CA;
			remoteInfo = MGD;
		};
/* End PBXContainerItemProxy section */

/* Begin PBXFileReference section */
		9635FB281921D28D008C9FF8 /* SKTUtils.h */ = {isa = PBXFileReference; lastKnownFileType = sourcecode.c.h; path = SKTUtils.h; sourceTree = "<group>"; };
		9635FB611922059B008C9FF8 /* frog.1.png */ = {isa = PBXFileReference; lastKnownFileType = image.png; path = frog.1.png; sourceTree = "<group>"; };
		9635FB621922059B008C9FF8 /* frog.1@2x.png */ = {isa = PBXFileReference; lastKnownFileType = image.png; path = "frog.1@2x.png"; sourceTree = "<group>"; };
		9635FB631922059B008C9FF8 /* frog.plist */ = {isa = PBXFileReference; fileEncoding = 4; lastKnownFileType = text.plist.xml; path = frog.plist; sourceTree = "<group>"; };
		96464170191A7E5F0008A0CA /* MGD.app */ = {isa = PBXFileReference; explicitFileType = wrapper.application; includeInIndex = 0; path = MGD.app; sourceTree = BUILT_PRODUCTS_DIR; };
		96464173191A7E5F0008A0CA /* Foundation.framework */ = {isa = PBXFileReference; lastKnownFileType = wrapper.framework; name = Foundation.framework; path = System/Library/Frameworks/Foundation.framework; sourceTree = SDKROOT; };
		96464175191A7E5F0008A0CA /* CoreGraphics.framework */ = {isa = PBXFileReference; lastKnownFileType = wrapper.framework; name = CoreGraphics.framework; path = System/Library/Frameworks/CoreGraphics.framework; sourceTree = SDKROOT; };
		96464177191A7E5F0008A0CA /* UIKit.framework */ = {isa = PBXFileReference; lastKnownFileType = wrapper.framework; name = UIKit.framework; path = System/Library/Frameworks/UIKit.framework; sourceTree = SDKROOT; };
		96464179191A7E5F0008A0CA /* SpriteKit.framework */ = {isa = PBXFileReference; lastKnownFileType = wrapper.framework; name = SpriteKit.framework; path = System/Library/Frameworks/SpriteKit.framework; sourceTree = SDKROOT; };
		9646417D191A7E5F0008A0CA /* MGD-Info.plist */ = {isa = PBXFileReference; lastKnownFileType = text.plist.xml; path = "MGD-Info.plist"; sourceTree = "<group>"; };
		9646417F191A7E5F0008A0CA /* en */ = {isa = PBXFileReference; lastKnownFileType = text.plist.strings; name = en; path = en.lproj/InfoPlist.strings; sourceTree = "<group>"; };
		96464181191A7E5F0008A0CA /* main.m */ = {isa = PBXFileReference; lastKnownFileType = sourcecode.c.objc; path = main.m; sourceTree = "<group>"; };
		96464183191A7E5F0008A0CA /* MGD-Prefix.pch */ = {isa = PBXFileReference; lastKnownFileType = sourcecode.c.h; path = "MGD-Prefix.pch"; sourceTree = "<group>"; };
		96464184191A7E5F0008A0CA /* AppDelegate.h */ = {isa = PBXFileReference; lastKnownFileType = sourcecode.c.h; path = AppDelegate.h; sourceTree = "<group>"; };
		96464185191A7E5F0008A0CA /* AppDelegate.m */ = {isa = PBXFileReference; lastKnownFileType = sourcecode.c.objc; path = AppDelegate.m; sourceTree = "<group>"; };
		96464188191A7E5F0008A0CA /* Base */ = {isa = PBXFileReference; lastKnownFileType = file.storyboard; name = Base; path = Base.lproj/Main.storyboard; sourceTree = "<group>"; };
		9646418A191A7E5F0008A0CA /* ViewController.h */ = {isa = PBXFileReference; lastKnownFileType = sourcecode.c.h; path = ViewController.h; sourceTree = "<group>"; };
		9646418B191A7E5F0008A0CA /* ViewController.m */ = {isa = PBXFileReference; lastKnownFileType = sourcecode.c.objc; path = ViewController.m; sourceTree = "<group>"; };
		9646418D191A7E5F0008A0CA /* MyScene.h */ = {isa = PBXFileReference; lastKnownFileType = sourcecode.c.h; path = MyScene.h; sourceTree = "<group>"; };
		9646418E191A7E5F0008A0CA /* MyScene.m */ = {isa = PBXFileReference; lastKnownFileType = sourcecode.c.objc; path = MyScene.m; sourceTree = "<group>"; };
		96464190191A7E5F0008A0CA /* Spaceship.png */ = {isa = PBXFileReference; lastKnownFileType = image.png; path = Spaceship.png; sourceTree = "<group>"; };
		96464192191A7E5F0008A0CA /* Images.xcassets */ = {isa = PBXFileReference; lastKnownFileType = folder.assetcatalog; path = Images.xcassets; sourceTree = "<group>"; };
		96464198191A7E5F0008A0CA /* MGDTests.xctest */ = {isa = PBXFileReference; explicitFileType = wrapper.cfbundle; includeInIndex = 0; path = MGDTests.xctest; sourceTree = BUILT_PRODUCTS_DIR; };
		96464199191A7E5F0008A0CA /* XCTest.framework */ = {isa = PBXFileReference; lastKnownFileType = wrapper.framework; name = XCTest.framework; path = Library/Frameworks/XCTest.framework; sourceTree = DEVELOPER_DIR; };
		964641A1191A7E5F0008A0CA /* MGDTests-Info.plist */ = {isa = PBXFileReference; lastKnownFileType = text.plist.xml; path = "MGDTests-Info.plist"; sourceTree = "<group>"; };
		964641A3191A7E5F0008A0CA /* en */ = {isa = PBXFileReference; lastKnownFileType = text.plist.strings; name = en; path = en.lproj/InfoPlist.strings; sourceTree = "<group>"; };
		964641A5191A7E5F0008A0CA /* MGDTests.m */ = {isa = PBXFileReference; lastKnownFileType = sourcecode.c.objc; path = MGDTests.m; sourceTree = "<group>"; };
		9699ACF2191C5C5700E199B4 /* liquidWater.png */ = {isa = PBXFileReference; lastKnownFileType = image.png; path = liquidWater.png; sourceTree = "<group>"; };
		9699ACF4191C5E3000E199B4 /* snailWalk1.png */ = {isa = PBXFileReference; lastKnownFileType = image.png; path = snailWalk1.png; sourceTree = "<group>"; };
		9699ACFD191C7F9F00E199B4 /* frogJump.wav */ = {isa = PBXFileReference; lastKnownFileType = audio.wav; path = frogJump.wav; sourceTree = "<group>"; };
		9699ACFE191C7F9F00E199B4 /* waterSplash.wav */ = {isa = PBXFileReference; lastKnownFileType = audio.wav; path = waterSplash.wav; sourceTree = "<group>"; };
/* End PBXFileReference section */

/* Begin PBXFrameworksBuildPhase section */
		9646416D191A7E5F0008A0CA /* Frameworks */ = {
			isa = PBXFrameworksBuildPhase;
			buildActionMask = 2147483647;
			files = (
				96464176191A7E5F0008A0CA /* CoreGraphics.framework in Frameworks */,
				96464178191A7E5F0008A0CA /* UIKit.framework in Frameworks */,
				9646417A191A7E5F0008A0CA /* SpriteKit.framework in Frameworks */,
				96464174191A7E5F0008A0CA /* Foundation.framework in Frameworks */,
			);
			runOnlyForDeploymentPostprocessing = 0;
		};
		96464195191A7E5F0008A0CA /* Frameworks */ = {
			isa = PBXFrameworksBuildPhase;
			buildActionMask = 2147483647;
			files = (
				9646419A191A7E5F0008A0CA /* XCTest.framework in Frameworks */,
				9646419C191A7E5F0008A0CA /* UIKit.framework in Frameworks */,
				9646419B191A7E5F0008A0CA /* Foundation.framework in Frameworks */,
			);
			runOnlyForDeploymentPostprocessing = 0;
		};
/* End PBXFrameworksBuildPhase section */

/* Begin PBXGroup section */
		9635FB601922059B008C9FF8 /* frog.atlasc */ = {
			isa = PBXGroup;
			children = (
				9635FB611922059B008C9FF8 /* frog.1.png */,
				9635FB621922059B008C9FF8 /* frog.1@2x.png */,
				9635FB631922059B008C9FF8 /* frog.plist */,
			);
			path = frog.atlasc;
			sourceTree = "<group>";
		};
		96464167191A7E5F0008A0CA = {
			isa = PBXGroup;
			children = (
				9646417B191A7E5F0008A0CA /* MGD */,
				9646419F191A7E5F0008A0CA /* MGDTests */,
				96464172191A7E5F0008A0CA /* Frameworks */,
				96464171191A7E5F0008A0CA /* Products */,
			);
			sourceTree = "<group>";
		};
		96464171191A7E5F0008A0CA /* Products */ = {
			isa = PBXGroup;
			children = (
				96464170191A7E5F0008A0CA /* MGD.app */,
				96464198191A7E5F0008A0CA /* MGDTests.xctest */,
			);
			name = Products;
			sourceTree = "<group>";
		};
		96464172191A7E5F0008A0CA /* Frameworks */ = {
			isa = PBXGroup;
			children = (
				96464173191A7E5F0008A0CA /* Foundation.framework */,
				96464175191A7E5F0008A0CA /* CoreGraphics.framework */,
				96464177191A7E5F0008A0CA /* UIKit.framework */,
				96464179191A7E5F0008A0CA /* SpriteKit.framework */,
				96464199191A7E5F0008A0CA /* XCTest.framework */,
			);
			name = Frameworks;
			sourceTree = "<group>";
		};
		9646417B191A7E5F0008A0CA /* MGD */ = {
			isa = PBXGroup;
			children = (
				9699ACF8191C6A6000E199B4 /* Audio */,
				9699ACF1191C5C1C00E199B4 /* Images */,
				96464184191A7E5F0008A0CA /* AppDelegate.h */,
				96464185191A7E5F0008A0CA /* AppDelegate.m */,
				96464187191A7E5F0008A0CA /* Main.storyboard */,
				9646418A191A7E5F0008A0CA /* ViewController.h */,
				9646418B191A7E5F0008A0CA /* ViewController.m */,
				9646418D191A7E5F0008A0CA /* MyScene.h */,
				9646418E191A7E5F0008A0CA /* MyScene.m */,
				96464190191A7E5F0008A0CA /* Spaceship.png */,
				96464192191A7E5F0008A0CA /* Images.xcassets */,
				9646417C191A7E5F0008A0CA /* Supporting Files */,
				9635FB281921D28D008C9FF8 /* SKTUtils.h */,
			);
			path = MGD;
			sourceTree = "<group>";
		};
		9646417C191A7E5F0008A0CA /* Supporting Files */ = {
			isa = PBXGroup;
			children = (
				9646417D191A7E5F0008A0CA /* MGD-Info.plist */,
				9646417E191A7E5F0008A0CA /* InfoPlist.strings */,
				96464181191A7E5F0008A0CA /* main.m */,
				96464183191A7E5F0008A0CA /* MGD-Prefix.pch */,
			);
			name = "Supporting Files";
			sourceTree = "<group>";
		};
		9646419F191A7E5F0008A0CA /* MGDTests */ = {
			isa = PBXGroup;
			children = (
				964641A5191A7E5F0008A0CA /* MGDTests.m */,
				964641A0191A7E5F0008A0CA /* Supporting Files */,
			);
			path = MGDTests;
			sourceTree = "<group>";
		};
		964641A0191A7E5F0008A0CA /* Supporting Files */ = {
			isa = PBXGroup;
			children = (
				964641A1191A7E5F0008A0CA /* MGDTests-Info.plist */,
				964641A2191A7E5F0008A0CA /* InfoPlist.strings */,
			);
			name = "Supporting Files";
			sourceTree = "<group>";
		};
		9699ACF1191C5C1C00E199B4 /* Images */ = {
			isa = PBXGroup;
			children = (
				9635FB601922059B008C9FF8 /* frog.atlasc */,
				9699ACF4191C5E3000E199B4 /* snailWalk1.png */,
				9699ACF2191C5C5700E199B4 /* liquidWater.png */,
			);
			name = Images;
			sourceTree = "<group>";
		};
		9699ACF8191C6A6000E199B4 /* Audio */ = {
			isa = PBXGroup;
			children = (
				9699ACFD191C7F9F00E199B4 /* frogJump.wav */,
				9699ACFE191C7F9F00E199B4 /* waterSplash.wav */,
			);
			name = Audio;
			sourceTree = "<group>";
		};
/* End PBXGroup section */

/* Begin PBXNativeTarget section */
		9646416F191A7E5F0008A0CA /* MGD */ = {
			isa = PBXNativeTarget;
			buildConfigurationList = 964641A9191A7E5F0008A0CA /* Build configuration list for PBXNativeTarget "MGD" */;
			buildPhases = (
				9646416C191A7E5F0008A0CA /* Sources */,
				9646416D191A7E5F0008A0CA /* Frameworks */,
				9646416E191A7E5F0008A0CA /* Resources */,
			);
			buildRules = (
			);
			dependencies = (
			);
			name = MGD;
			productName = MGD;
			productReference = 96464170191A7E5F0008A0CA /* MGD.app */;
			productType = "com.apple.product-type.application";
		};
		96464197191A7E5F0008A0CA /* MGDTests */ = {
			isa = PBXNativeTarget;
			buildConfigurationList = 964641AC191A7E5F0008A0CA /* Build configuration list for PBXNativeTarget "MGDTests" */;
			buildPhases = (
				96464194191A7E5F0008A0CA /* Sources */,
				96464195191A7E5F0008A0CA /* Frameworks */,
				96464196191A7E5F0008A0CA /* Resources */,
			);
			buildRules = (
			);
			dependencies = (
				9646419E191A7E5F0008A0CA /* PBXTargetDependency */,
			);
			name = MGDTests;
			productName = MGDTests;
			productReference = 96464198191A7E5F0008A0CA /* MGDTests.xctest */;
			productType = "com.apple.product-type.bundle.unit-test";
		};
/* End PBXNativeTarget section */

/* Begin PBXProject section */
		96464168191A7E5F0008A0CA /* Project object */ = {
			isa = PBXProject;
			attributes = {
				LastUpgradeCheck = 0510;
				ORGANIZATIONNAME = "Aaron Burke";
				TargetAttributes = {
					96464197191A7E5F0008A0CA = {
						TestTargetID = 9646416F191A7E5F0008A0CA;
					};
				};
			};
			buildConfigurationList = 9646416B191A7E5F0008A0CA /* Build configuration list for PBXProject "MGD" */;
			compatibilityVersion = "Xcode 3.2";
			developmentRegion = English;
			hasScannedForEncodings = 0;
			knownRegions = (
				en,
				Base,
			);
			mainGroup = 96464167191A7E5F0008A0CA;
			productRefGroup = 96464171191A7E5F0008A0CA /* Products */;
			projectDirPath = "";
			projectRoot = "";
			targets = (
				9646416F191A7E5F0008A0CA /* MGD */,
				96464197191A7E5F0008A0CA /* MGDTests */,
			);
		};
/* End PBXProject section */

/* Begin PBXResourcesBuildPhase section */
		9646416E191A7E5F0008A0CA /* Resources */ = {
			isa = PBXResourcesBuildPhase;
			buildActionMask = 2147483647;
			files = (
				9699ACF5191C5E3000E199B4 /* snailWalk1.png in Resources */,
				9635FB651922059B008C9FF8 /* frog.1@2x.png in Resources */,
				9699ACFF191C7F9F00E199B4 /* frogJump.wav in Resources */,
				9699ACF3191C5C5700E199B4 /* liquidWater.png in Resources */,
				96464180191A7E5F0008A0CA /* InfoPlist.strings in Resources */,
				9635FB641922059B008C9FF8 /* frog.1.png in Resources */,
				96464193191A7E5F0008A0CA /* Images.xcassets in Resources */,
				9635FB661922059B008C9FF8 /* frog.plist in Resources */,
				9699AD00191C7F9F00E199B4 /* waterSplash.wav in Resources */,
				96464191191A7E5F0008A0CA /* Spaceship.png in Resources */,
				96464189191A7E5F0008A0CA /* Main.storyboard in Resources */,
			);
			runOnlyForDeploymentPostprocessing = 0;
		};
		96464196191A7E5F0008A0CA /* Resources */ = {
			isa = PBXResourcesBuildPhase;
			buildActionMask = 2147483647;
			files = (
				964641A4191A7E5F0008A0CA /* InfoPlist.strings in Resources */,
			);
			runOnlyForDeploymentPostprocessing = 0;
		};
/* End PBXResourcesBuildPhase section */

/* Begin PBXSourcesBuildPhase section */
		9646416C191A7E5F0008A0CA /* Sources */ = {
			isa = PBXSourcesBuildPhase;
			buildActionMask = 2147483647;
			files = (
				9646418F191A7E5F0008A0CA /* MyScene.m in Sources */,
				9646418C191A7E5F0008A0CA /* ViewController.m in Sources */,
				96464186191A7E5F0008A0CA /* AppDelegate.m in Sources */,
				96464182191A7E5F0008A0CA /* main.m in Sources */,
			);
			runOnlyForDeploymentPostprocessing = 0;
		};
		96464194191A7E5F0008A0CA /* Sources */ = {
			isa = PBXSourcesBuildPhase;
			buildActionMask = 2147483647;
			files = (
				964641A6191A7E5F0008A0CA /* MGDTests.m in Sources */,
			);
			runOnlyForDeploymentPostprocessing = 0;
		};
/* End PBXSourcesBuildPhase section */

/* Begin PBXTargetDependency section */
		9646419E191A7E5F0008A0CA /* PBXTargetDependency */ = {
			isa = PBXTargetDependency;
			target = 9646416F191A7E5F0008A0CA /* MGD */;
			targetProxy = 9646419D191A7E5F0008A0CA /* PBXContainerItemProxy */;
		};
/* End PBXTargetDependency section */

/* Begin PBXVariantGroup section */
		9646417E191A7E5F0008A0CA /* InfoPlist.strings */ = {
			isa = PBXVariantGroup;
			children = (
				9646417F191A7E5F0008A0CA /* en */,
			);
			name = InfoPlist.strings;
			sourceTree = "<group>";
		};
		96464187191A7E5F0008A0CA /* Main.storyboard */ = {
			isa = PBXVariantGroup;
			children = (
				96464188191A7E5F0008A0CA /* Base */,
			);
			name = Main.storyboard;
			sourceTree = "<group>";
		};
		964641A2191A7E5F0008A0CA /* InfoPlist.strings */ = {
			isa = PBXVariantGroup;
			children = (
				964641A3191A7E5F0008A0CA /* en */,
			);
			name = InfoPlist.strings;
			sourceTree = "<group>";
		};
/* End PBXVariantGroup section */

/* Begin XCBuildConfiguration section */
		964641A7191A7E5F0008A0CA /* Debug */ = {
			isa = XCBuildConfiguration;
			buildSettings = {
				ALWAYS_SEARCH_USER_PATHS = NO;
				CLANG_CXX_LANGUAGE_STANDARD = "gnu++0x";
				CLANG_CXX_LIBRARY = "libc++";
				CLANG_ENABLE_MODULES = YES;
				CLANG_ENABLE_OBJC_ARC = YES;
				CLANG_WARN_BOOL_CONVERSION = YES;
				CLANG_WARN_CONSTANT_CONVERSION = YES;
				CLANG_WARN_DIRECT_OBJC_ISA_USAGE = YES_ERROR;
				CLANG_WARN_EMPTY_BODY = YES;
				CLANG_WARN_ENUM_CONVERSION = YES;
				CLANG_WARN_INT_CONVERSION = YES;
				CLANG_WARN_OBJC_ROOT_CLASS = YES_ERROR;
				CLANG_WARN__DUPLICATE_METHOD_MATCH = YES;
				"CODE_SIGN_IDENTITY[sdk=iphoneos*]" = "iPhone Developer";
				COPY_PHASE_STRIP = NO;
				GCC_C_LANGUAGE_STANDARD = gnu99;
				GCC_DYNAMIC_NO_PIC = NO;
				GCC_OPTIMIZATION_LEVEL = 0;
				GCC_PREPROCESSOR_DEFINITIONS = (
					"DEBUG=1",
					"$(inherited)",
				);
				GCC_SYMBOLS_PRIVATE_EXTERN = NO;
				GCC_WARN_64_TO_32_BIT_CONVERSION = YES;
				GCC_WARN_ABOUT_RETURN_TYPE = YES_ERROR;
				GCC_WARN_UNDECLARED_SELECTOR = YES;
				GCC_WARN_UNINITIALIZED_AUTOS = YES_AGGRESSIVE;
				GCC_WARN_UNUSED_FUNCTION = YES;
				GCC_WARN_UNUSED_VARIABLE = YES;
				IPHONEOS_DEPLOYMENT_TARGET = 7.1;
				ONLY_ACTIVE_ARCH = YES;
				SDKROOT = iphoneos;
				TARGETED_DEVICE_FAMILY = 2;
			};
			name = Debug;
		};
		964641A8191A7E5F0008A0CA /* Release */ = {
			isa = XCBuildConfiguration;
			buildSettings = {
				ALWAYS_SEARCH_USER_PATHS = NO;
				CLANG_CXX_LANGUAGE_STANDARD = "gnu++0x";
				CLANG_CXX_LIBRARY = "libc++";
				CLANG_ENABLE_MODULES = YES;
				CLANG_ENABLE_OBJC_ARC = YES;
				CLANG_WARN_BOOL_CONVERSION = YES;
				CLANG_WARN_CONSTANT_CONVERSION = YES;
				CLANG_WARN_DIRECT_OBJC_ISA_USAGE = YES_ERROR;
				CLANG_WARN_EMPTY_BODY = YES;
				CLANG_WARN_ENUM_CONVERSION = YES;
				CLANG_WARN_INT_CONVERSION = YES;
				CLANG_WARN_OBJC_ROOT_CLASS = YES_ERROR;
				CLANG_WARN__DUPLICATE_METHOD_MATCH = YES;
				"CODE_SIGN_IDENTITY[sdk=iphoneos*]" = "iPhone Developer";
				COPY_PHASE_STRIP = YES;
				ENABLE_NS_ASSERTIONS = NO;
				GCC_C_LANGUAGE_STANDARD = gnu99;
				GCC_WARN_64_TO_32_BIT_CONVERSION = YES;
				GCC_WARN_ABOUT_RETURN_TYPE = YES_ERROR;
				GCC_WARN_UNDECLARED_SELECTOR = YES;
				GCC_WARN_UNINITIALIZED_AUTOS = YES_AGGRESSIVE;
				GCC_WARN_UNUSED_FUNCTION = YES;
				GCC_WARN_UNUSED_VARIABLE = YES;
				IPHONEOS_DEPLOYMENT_TARGET = 7.1;
				SDKROOT = iphoneos;
				TARGETED_DEVICE_FAMILY = 2;
				VALIDATE_PRODUCT = YES;
			};
			name = Release;
		};
		964641AA191A7E5F0008A0CA /* Debug */ = {
			isa = XCBuildConfiguration;
			buildSettings = {
				ASSETCATALOG_COMPILER_APPICON_NAME = AppIcon;
				ASSETCATALOG_COMPILER_LAUNCHIMAGE_NAME = LaunchImage;
				GCC_PRECOMPILE_PREFIX_HEADER = YES;
				GCC_PREFIX_HEADER = "MGD/MGD-Prefix.pch";
				INFOPLIST_FILE = "MGD/MGD-Info.plist";
				PRODUCT_NAME = "$(TARGET_NAME)";
				SPRITEKIT_TEXTURE_ATLAS_OUTPUT = YES;
				WRAPPER_EXTENSION = app;
			};
			name = Debug;
		};
		964641AB191A7E5F0008A0CA /* Release */ = {
			isa = XCBuildConfiguration;
			buildSettings = {
				ASSETCATALOG_COMPILER_APPICON_NAME = AppIcon;
				ASSETCATALOG_COMPILER_LAUNCHIMAGE_NAME = LaunchImage;
				GCC_PRECOMPILE_PREFIX_HEADER = YES;
				GCC_PREFIX_HEADER = "MGD/MGD-Prefix.pch";
				INFOPLIST_FILE = "MGD/MGD-Info.plist";
				PRODUCT_NAME = "$(TARGET_NAME)";
				SPRITEKIT_TEXTURE_ATLAS_OUTPUT = YES;
				WRAPPER_EXTENSION = app;
			};
			name = Release;
		};
		964641AD191A7E5F0008A0CA /* Debug */ = {
			isa = XCBuildConfiguration;
			buildSettings = {
				BUNDLE_LOADER = "$(BUILT_PRODUCTS_DIR)/MGD.app/MGD";
				FRAMEWORK_SEARCH_PATHS = (
					"$(SDKROOT)/Developer/Library/Frameworks",
					"$(inherited)",
					"$(DEVELOPER_FRAMEWORKS_DIR)",
				);
				GCC_PRECOMPILE_PREFIX_HEADER = YES;
				GCC_PREFIX_HEADER = "MGD/MGD-Prefix.pch";
				GCC_PREPROCESSOR_DEFINITIONS = (
					"DEBUG=1",
					"$(inherited)",
				);
				INFOPLIST_FILE = "MGDTests/MGDTests-Info.plist";
				PRODUCT_NAME = "$(TARGET_NAME)";
				TEST_HOST = "$(BUNDLE_LOADER)";
				WRAPPER_EXTENSION = xctest;
			};
			name = Debug;
		};
		964641AE191A7E5F0008A0CA /* Release */ = {
			isa = XCBuildConfiguration;
			buildSettings = {
				BUNDLE_LOADER = "$(BUILT_PRODUCTS_DIR)/MGD.app/MGD";
				FRAMEWORK_SEARCH_PATHS = (
					"$(SDKROOT)/Developer/Library/Frameworks",
					"$(inherited)",
					"$(DEVELOPER_FRAMEWORKS_DIR)",
				);
				GCC_PRECOMPILE_PREFIX_HEADER = YES;
				GCC_PREFIX_HEADER = "MGD/MGD-Prefix.pch";
				INFOPLIST_FILE = "MGDTests/MGDTests-Info.plist";
				PRODUCT_NAME = "$(TARGET_NAME)";
				TEST_HOST = "$(BUNDLE_LOADER)";
				WRAPPER_EXTENSION = xctest;
			};
			name = Release;
		};
/* End XCBuildConfiguration section */

/* Begin XCConfigurationList section */
		9646416B191A7E5F0008A0CA /* Build configuration list for PBXProject "MGD" */ = {
			isa = XCConfigurationList;
			buildConfigurations = (
				964641A7191A7E5F0008A0CA /* Debug */,
				964641A8191A7E5F0008A0CA /* Release */,
			);
			defaultConfigurationIsVisible = 0;
			defaultConfigurationName = Release;
		};
		964641A9191A7E5F0008A0CA /* Build configuration list for PBXNativeTarget "MGD" */ = {
			isa = XCConfigurationList;
			buildConfigurations = (
				964641AA191A7E5F0008A0CA /* Debug */,
				964641AB191A7E5F0008A0CA /* Release */,
			);
			defaultConfigurationIsVisible = 0;
			defaultConfigurationName = Release;
		};
		964641AC191A7E5F0008A0CA /* Build configuration list for PBXNativeTarget "MGDTests" */ = {
			isa = XCConfigurationList;
			buildConfigurations = (
				964641AD191A7E5F0008A0CA /* Debug */,
				964641AE191A7E5F0008A0CA /* Release */,
			);
			defaultConfigurationIsVisible = 0;
			defaultConfigurationName = Release;
		};
/* End XCConfigurationList section */
	};
	rootObject = 96464168191A7E5F0008A0CA /* Project object */;
}
