// !$*UTF8*$!
{
	archiveVersion = 1;
	classes = {
	};
	objectVersion = 46;
	objects = {

/* Begin PBXBuildFile section */
		96062D72192D88440089E3BB /* GameOverScene.m in Sources */ = {isa = PBXBuildFile; fileRef = 96062D71192D88440089E3BB /* GameOverScene.m */; };
		9611B31C1925BF4B00B71CF4 /* frogGroan.wav in Resources */ = {isa = PBXBuildFile; fileRef = 9611B31B1925BF4B00B71CF4 /* frogGroan.wav */; };
		96464174191A7E5F0008A0CA /* Foundation.framework in Frameworks */ = {isa = PBXBuildFile; fileRef = 96464173191A7E5F0008A0CA /* Foundation.framework */; };
		96464176191A7E5F0008A0CA /* CoreGraphics.framework in Frameworks */ = {isa = PBXBuildFile; fileRef = 96464175191A7E5F0008A0CA /* CoreGraphics.framework */; };
		96464178191A7E5F0008A0CA /* UIKit.framework in Frameworks */ = {isa = PBXBuildFile; fileRef = 96464177191A7E5F0008A0CA /* UIKit.framework */; };
		9646417A191A7E5F0008A0CA /* SpriteKit.framework in Frameworks */ = {isa = PBXBuildFile; fileRef = 96464179191A7E5F0008A0CA /* SpriteKit.framework */; };
		96464180191A7E5F0008A0CA /* InfoPlist.strings in Resources */ = {isa = PBXBuildFile; fileRef = 9646417E191A7E5F0008A0CA /* InfoPlist.strings */; };
		96464182191A7E5F0008A0CA /* main.m in Sources */ = {isa = PBXBuildFile; fileRef = 96464181191A7E5F0008A0CA /* main.m */; };
		96464186191A7E5F0008A0CA /* AppDelegate.m in Sources */ = {isa = PBXBuildFile; fileRef = 96464185191A7E5F0008A0CA /* AppDelegate.m */; };
		96464189191A7E5F0008A0CA /* Main.storyboard in Resources */ = {isa = PBXBuildFile; fileRef = 96464187191A7E5F0008A0CA /* Main.storyboard */; };
		9646418C191A7E5F0008A0CA /* ViewController.m in Sources */ = {isa = PBXBuildFile; fileRef = 9646418B191A7E5F0008A0CA /* ViewController.m */; };
		9646418F191A7E5F0008A0CA /* MyScene.m in Sources */ = {isa = PBXBuildFile; fileRef = 9646418E191A7E5F0008A0CA /* MyScene.m */; };
		9646419A191A7E5F0008A0CA /* XCTest.framework in Frameworks */ = {isa = PBXBuildFile; fileRef = 96464199191A7E5F0008A0CA /* XCTest.framework */; };
		9646419B191A7E5F0008A0CA /* Foundation.framework in Frameworks */ = {isa = PBXBuildFile; fileRef = 96464173191A7E5F0008A0CA /* Foundation.framework */; };
		9646419C191A7E5F0008A0CA /* UIKit.framework in Frameworks */ = {isa = PBXBuildFile; fileRef = 96464177191A7E5F0008A0CA /* UIKit.framework */; };
		964641A4191A7E5F0008A0CA /* InfoPlist.strings in Resources */ = {isa = PBXBuildFile; fileRef = 964641A2191A7E5F0008A0CA /* InfoPlist.strings */; };
		964641A6191A7E5F0008A0CA /* MGDTests.m in Sources */ = {isa = PBXBuildFile; fileRef = 964641A5191A7E5F0008A0CA /* MGDTests.m */; };
		965F4F8B1948F287003F5C73 /* Ipad.1.png in Resources */ = {isa = PBXBuildFile; fileRef = 965F4F7D1948F287003F5C73 /* Ipad.1.png */; };
		965F4F8C1948F287003F5C73 /* Ipad.1@2x.png in Resources */ = {isa = PBXBuildFile; fileRef = 965F4F7E1948F287003F5C73 /* Ipad.1@2x.png */; };
		965F4F8D1948F287003F5C73 /* Ipad.2@2x.png in Resources */ = {isa = PBXBuildFile; fileRef = 965F4F7F1948F287003F5C73 /* Ipad.2@2x.png */; };
		965F4F8E1948F287003F5C73 /* Ipad.3@2x.png in Resources */ = {isa = PBXBuildFile; fileRef = 965F4F801948F287003F5C73 /* Ipad.3@2x.png */; };
		965F4F8F1948F287003F5C73 /* Ipad.4@2x.png in Resources */ = {isa = PBXBuildFile; fileRef = 965F4F811948F287003F5C73 /* Ipad.4@2x.png */; };
		965F4F901948F287003F5C73 /* Ipad.5@2x.png in Resources */ = {isa = PBXBuildFile; fileRef = 965F4F821948F287003F5C73 /* Ipad.5@2x.png */; };
		965F4F911948F287003F5C73 /* Ipad.plist in Resources */ = {isa = PBXBuildFile; fileRef = 965F4F831948F287003F5C73 /* Ipad.plist */; };
		965F4F921948F287003F5C73 /* Iphone.1.png in Resources */ = {isa = PBXBuildFile; fileRef = 965F4F851948F287003F5C73 /* Iphone.1.png */; };
		965F4F931948F287003F5C73 /* Iphone.1@2x.png in Resources */ = {isa = PBXBuildFile; fileRef = 965F4F861948F287003F5C73 /* Iphone.1@2x.png */; };
		965F4F941948F287003F5C73 /* Iphone.plist in Resources */ = {isa = PBXBuildFile; fileRef = 965F4F871948F287003F5C73 /* Iphone.plist */; };
		965F4F951948F287003F5C73 /* Iphone5.1@2x.png in Resources */ = {isa = PBXBuildFile; fileRef = 965F4F891948F287003F5C73 /* Iphone5.1@2x.png */; };
		965F4F961948F287003F5C73 /* Iphone5.plist in Resources */ = {isa = PBXBuildFile; fileRef = 965F4F8A1948F287003F5C73 /* Iphone5.plist */; };
		9663276A1952351700A33673 /* GameKit.framework in Frameworks */ = {isa = PBXBuildFile; fileRef = 966327691952351700A33673 /* GameKit.framework */; };
		9663276D1952472700A33673 /* GCSingleton.m in Sources */ = {isa = PBXBuildFile; fileRef = 9663276C1952472700A33673 /* GCSingleton.m */; };
		9699ACFF191C7F9F00E199B4 /* frogJump.wav in Resources */ = {isa = PBXBuildFile; fileRef = 9699ACFD191C7F9F00E199B4 /* frogJump.wav */; };
		9699AD00191C7F9F00E199B4 /* waterSplash.wav in Resources */ = {isa = PBXBuildFile; fileRef = 9699ACFE191C7F9F00E199B4 /* waterSplash.wav */; };
		96D3AAC719539D690092B06D /* LocalScoreBoard.m in Sources */ = {isa = PBXBuildFile; fileRef = 96D3AAC619539D690092B06D /* LocalScoreBoard.m */; };
		96D3AACC1953B5B10092B06D /* LocalScoreBoardTableVC.m in Sources */ = {isa = PBXBuildFile; fileRef = 96D3AACB1953B5B10092B06D /* LocalScoreBoardTableVC.m */; };
		96D3AACE1953C2510092B06D /* Social.framework in Frameworks */ = {isa = PBXBuildFile; fileRef = 96D3AACD1953C2510092B06D /* Social.framework */; };
		96E18D7A1937F43100A5F47A /* Images.xcassets in Resources */ = {isa = PBXBuildFile; fileRef = 96E18D791937F43100A5F47A /* Images.xcassets */; };
		96E18D811937F52A00A5F47A /* splash.png in Resources */ = {isa = PBXBuildFile; fileRef = 96E18D7F1937F52A00A5F47A /* splash.png */; };
		96E18D821937F52A00A5F47A /* splash@2x.png in Resources */ = {isa = PBXBuildFile; fileRef = 96E18D801937F52A00A5F47A /* splash@2x.png */; };
		96E18D851937F59100A5F47A /* splash@2x~iphone.png in Resources */ = {isa = PBXBuildFile; fileRef = 96E18D831937F59100A5F47A /* splash@2x~iphone.png */; };
		96E18D861937F59100A5F47A /* splash~iphone.png in Resources */ = {isa = PBXBuildFile; fileRef = 96E18D841937F59100A5F47A /* splash~iphone.png */; };
		96E18D881937F61A00A5F47A /* splash~iphoneR4.png in Resources */ = {isa = PBXBuildFile; fileRef = 96E18D871937F61A00A5F47A /* splash~iphoneR4.png */; };
		96E18D8B1937F72B00A5F47A /* icon-ipad.png in Resources */ = {isa = PBXBuildFile; fileRef = 96E18D891937F72B00A5F47A /* icon-ipad.png */; };
		96E18D8E1937F77300A5F47A /* icon-ipad@2x.png in Resources */ = {isa = PBXBuildFile; fileRef = 96E18D8D1937F77300A5F47A /* icon-ipad@2x.png */; };
		96E18D911937F7F400A5F47A /* icon-iphone.png in Resources */ = {isa = PBXBuildFile; fileRef = 96E18D8F1937F7F400A5F47A /* icon-iphone.png */; };
		96E18D941937F83300A5F47A /* icon-iphone@2x.png in Resources */ = {isa = PBXBuildFile; fileRef = 96E18D931937F83300A5F47A /* icon-iphone@2x.png */; };
		96E18D971937FF1700A5F47A /* StartScene.m in Sources */ = {isa = PBXBuildFile; fileRef = 96E18D961937FF1700A5F47A /* StartScene.m */; };
		96E18DA11938093C00A5F47A /* MenuScene.m in Sources */ = {isa = PBXBuildFile; fileRef = 96E18DA01938093C00A5F47A /* MenuScene.m */; };
		96E18DB91938131F00A5F47A /* CreditsScene.m in Sources */ = {isa = PBXBuildFile; fileRef = 96E18DB81938131F00A5F47A /* CreditsScene.m */; };
		96E18DBC1938132800A5F47A /* HelpScene.m in Sources */ = {isa = PBXBuildFile; fileRef = 96E18DBB1938132800A5F47A /* HelpScene.m */; };
/* End PBXBuildFile section */

/* Begin PBXContainerItemProxy section */
		9646419D191A7E5F0008A0CA /* PBXContainerItemProxy */ = {
			isa = PBXContainerItemProxy;
			containerPortal = 96464168191A7E5F0008A0CA /* Project object */;
			proxyType = 1;
			remoteGlobalIDString = 9646416F191A7E5F0008A0CA;
			remoteInfo = MGD;
		};
/* End PBXContainerItemProxy section */

/* Begin PBXFileReference section */
		96062D70192D88440089E3BB /* GameOverScene.h */ = {isa = PBXFileReference; fileEncoding = 4; lastKnownFileType = sourcecode.c.h; path = GameOverScene.h; sourceTree = "<group>"; };
		96062D71192D88440089E3BB /* GameOverScene.m */ = {isa = PBXFileReference; fileEncoding = 4; lastKnownFileType = sourcecode.c.objc; path = GameOverScene.m; sourceTree = "<group>"; };
		9611B31B1925BF4B00B71CF4 /* frogGroan.wav */ = {isa = PBXFileReference; lastKnownFileType = audio.wav; path = frogGroan.wav; sourceTree = "<group>"; };
		9635FB281921D28D008C9FF8 /* SKTUtils.h */ = {isa = PBXFileReference; lastKnownFileType = sourcecode.c.h; path = SKTUtils.h; sourceTree = "<group>"; };
		96464170191A7E5F0008A0CA /* MGD.app */ = {isa = PBXFileReference; explicitFileType = wrapper.application; includeInIndex = 0; path = MGD.app; sourceTree = BUILT_PRODUCTS_DIR; };
		96464173191A7E5F0008A0CA /* Foundation.framework */ = {isa = PBXFileReference; lastKnownFileType = wrapper.framework; name = Foundation.framework; path = System/Library/Frameworks/Foundation.framework; sourceTree = SDKROOT; };
		96464175191A7E5F0008A0CA /* CoreGraphics.framework */ = {isa = PBXFileReference; lastKnownFileType = wrapper.framework; name = CoreGraphics.framework; path = System/Library/Frameworks/CoreGraphics.framework; sourceTree = SDKROOT; };
		96464177191A7E5F0008A0CA /* UIKit.framework */ = {isa = PBXFileReference; lastKnownFileType = wrapper.framework; name = UIKit.framework; path = System/Library/Frameworks/UIKit.framework; sourceTree = SDKROOT; };
		96464179191A7E5F0008A0CA /* SpriteKit.framework */ = {isa = PBXFileReference; lastKnownFileType = wrapper.framework; name = SpriteKit.framework; path = System/Library/Frameworks/SpriteKit.framework; sourceTree = SDKROOT; };
		9646417D191A7E5F0008A0CA /* MGD-Info.plist */ = {isa = PBXFileReference; lastKnownFileType = text.plist.xml; path = "MGD-Info.plist"; sourceTree = "<group>"; };
		9646417F191A7E5F0008A0CA /* en */ = {isa = PBXFileReference; lastKnownFileType = text.plist.strings; name = en; path = en.lproj/InfoPlist.strings; sourceTree = "<group>"; };
		96464181191A7E5F0008A0CA /* main.m */ = {isa = PBXFileReference; lastKnownFileType = sourcecode.c.objc; path = main.m; sourceTree = "<group>"; };
		96464183191A7E5F0008A0CA /* MGD-Prefix.pch */ = {isa = PBXFileReference; lastKnownFileType = sourcecode.c.h; path = "MGD-Prefix.pch"; sourceTree = "<group>"; };
		96464184191A7E5F0008A0CA /* AppDelegate.h */ = {isa = PBXFileReference; lastKnownFileType = sourcecode.c.h; path = AppDelegate.h; sourceTree = "<group>"; };
		96464185191A7E5F0008A0CA /* AppDelegate.m */ = {isa = PBXFileReference; lastKnownFileType = sourcecode.c.objc; path = AppDelegate.m; sourceTree = "<group>"; };
		96464188191A7E5F0008A0CA /* Base */ = {isa = PBXFileReference; lastKnownFileType = file.storyboard; name = Base; path = Base.lproj/Main.storyboard; sourceTree = "<group>"; };
		9646418A191A7E5F0008A0CA /* ViewController.h */ = {isa = PBXFileReference; lastKnownFileType = sourcecode.c.h; path = ViewController.h; sourceTree = "<group>"; };
		9646418B191A7E5F0008A0CA /* ViewController.m */ = {isa = PBXFileReference; lastKnownFileType = sourcecode.c.objc; path = ViewController.m; sourceTree = "<group>"; };
		9646418D191A7E5F0008A0CA /* MyScene.h */ = {isa = PBXFileReference; lastKnownFileType = sourcecode.c.h; path = MyScene.h; sourceTree = "<group>"; };
		9646418E191A7E5F0008A0CA /* MyScene.m */ = {isa = PBXFileReference; lastKnownFileType = sourcecode.c.objc; path = MyScene.m; sourceTree = "<group>"; };
		96464198191A7E5F0008A0CA /* MGDTests.xctest */ = {isa = PBXFileReference; explicitFileType = wrapper.cfbundle; includeInIndex = 0; path = MGDTests.xctest; sourceTree = BUILT_PRODUCTS_DIR; };
		96464199191A7E5F0008A0CA /* XCTest.framework */ = {isa = PBXFileReference; lastKnownFileType = wrapper.framework; name = XCTest.framework; path = Library/Frameworks/XCTest.framework; sourceTree = DEVELOPER_DIR; };
		964641A1191A7E5F0008A0CA /* MGDTests-Info.plist */ = {isa = PBXFileReference; lastKnownFileType = text.plist.xml; path = "MGDTests-Info.plist"; sourceTree = "<group>"; };
		964641A3191A7E5F0008A0CA /* en */ = {isa = PBXFileReference; lastKnownFileType = text.plist.strings; name = en; path = en.lproj/InfoPlist.strings; sourceTree = "<group>"; };
		964641A5191A7E5F0008A0CA /* MGDTests.m */ = {isa = PBXFileReference; lastKnownFileType = sourcecode.c.objc; path = MGDTests.m; sourceTree = "<group>"; };
		965F4F7D1948F287003F5C73 /* Ipad.1.png */ = {isa = PBXFileReference; lastKnownFileType = image.png; path = Ipad.1.png; sourceTree = "<group>"; };
		965F4F7E1948F287003F5C73 /* Ipad.1@2x.png */ = {isa = PBXFileReference; lastKnownFileType = image.png; path = "Ipad.1@2x.png"; sourceTree = "<group>"; };
		965F4F7F1948F287003F5C73 /* Ipad.2@2x.png */ = {isa = PBXFileReference; lastKnownFileType = image.png; path = "Ipad.2@2x.png"; sourceTree = "<group>"; };
		965F4F801948F287003F5C73 /* Ipad.3@2x.png */ = {isa = PBXFileReference; lastKnownFileType = image.png; path = "Ipad.3@2x.png"; sourceTree = "<group>"; };
		965F4F811948F287003F5C73 /* Ipad.4@2x.png */ = {isa = PBXFileReference; lastKnownFileType = image.png; path = "Ipad.4@2x.png"; sourceTree = "<group>"; };
		965F4F821948F287003F5C73 /* Ipad.5@2x.png */ = {isa = PBXFileReference; lastKnownFileType = image.png; path = "Ipad.5@2x.png"; sourceTree = "<group>"; };
		965F4F831948F287003F5C73 /* Ipad.plist */ = {isa = PBXFileReference; fileEncoding = 4; lastKnownFileType = text.plist.xml; path = Ipad.plist; sourceTree = "<group>"; };
		965F4F851948F287003F5C73 /* Iphone.1.png */ = {isa = PBXFileReference; lastKnownFileType = image.png; path = Iphone.1.png; sourceTree = "<group>"; };
		965F4F861948F287003F5C73 /* Iphone.1@2x.png */ = {isa = PBXFileReference; lastKnownFileType = image.png; path = "Iphone.1@2x.png"; sourceTree = "<group>"; };
		965F4F871948F287003F5C73 /* Iphone.plist */ = {isa = PBXFileReference; fileEncoding = 4; lastKnownFileType = text.plist.xml; path = Iphone.plist; sourceTree = "<group>"; };
		965F4F891948F287003F5C73 /* Iphone5.1@2x.png */ = {isa = PBXFileReference; lastKnownFileType = image.png; path = "Iphone5.1@2x.png"; sourceTree = "<group>"; };
		965F4F8A1948F287003F5C73 /* Iphone5.plist */ = {isa = PBXFileReference; fileEncoding = 4; lastKnownFileType = text.plist.xml; path = Iphone5.plist; sourceTree = "<group>"; };
		966327691952351700A33673 /* GameKit.framework */ = {isa = PBXFileReference; lastKnownFileType = wrapper.framework; name = GameKit.framework; path = System/Library/Frameworks/GameKit.framework; sourceTree = SDKROOT; };
		9663276B1952472700A33673 /* GCSingleton.h */ = {isa = PBXFileReference; fileEncoding = 4; lastKnownFileType = sourcecode.c.h; path = GCSingleton.h; sourceTree = "<group>"; };
		9663276C1952472700A33673 /* GCSingleton.m */ = {isa = PBXFileReference; fileEncoding = 4; lastKnownFileType = sourcecode.c.objc; path = GCSingleton.m; sourceTree = "<group>"; };
		9699ACFD191C7F9F00E199B4 /* frogJump.wav */ = {isa = PBXFileReference; lastKnownFileType = audio.wav; path = frogJump.wav; sourceTree = "<group>"; };
		9699ACFE191C7F9F00E199B4 /* waterSplash.wav */ = {isa = PBXFileReference; lastKnownFileType = audio.wav; path = waterSplash.wav; sourceTree = "<group>"; };
		96D3AAC519539D690092B06D /* LocalScoreBoard.h */ = {isa = PBXFileReference; fileEncoding = 4; lastKnownFileType = sourcecode.c.h; name = LocalScoreBoard.h; path = ../LocalScoreBoard.h; sourceTree = "<group>"; };
		96D3AAC619539D690092B06D /* LocalScoreBoard.m */ = {isa = PBXFileReference; fileEncoding = 4; lastKnownFileType = sourcecode.c.objc; name = LocalScoreBoard.m; path = ../LocalScoreBoard.m; sourceTree = "<group>"; };
		96D3AACA1953B5B10092B06D /* LocalScoreBoardTableVC.h */ = {isa = PBXFileReference; fileEncoding = 4; lastKnownFileType = sourcecode.c.h; path = LocalScoreBoardTableVC.h; sourceTree = "<group>"; };
		96D3AACB1953B5B10092B06D /* LocalScoreBoardTableVC.m */ = {isa = PBXFileReference; fileEncoding = 4; lastKnownFileType = sourcecode.c.objc; path = LocalScoreBoardTableVC.m; sourceTree = "<group>"; };
		96D3AACD1953C2510092B06D /* Social.framework */ = {isa = PBXFileReference; lastKnownFileType = wrapper.framework; name = Social.framework; path = System/Library/Frameworks/Social.framework; sourceTree = SDKROOT; };
		96E18D791937F43100A5F47A /* Images.xcassets */ = {isa = PBXFileReference; lastKnownFileType = folder.assetcatalog; path = Images.xcassets; sourceTree = "<group>"; };
		96E18D7F1937F52A00A5F47A /* splash.png */ = {isa = PBXFileReference; lastKnownFileType = image.png; path = splash.png; sourceTree = "<group>"; };
		96E18D801937F52A00A5F47A /* splash@2x.png */ = {isa = PBXFileReference; lastKnownFileType = image.png; path = "splash@2x.png"; sourceTree = "<group>"; };
		96E18D831937F59100A5F47A /* splash@2x~iphone.png */ = {isa = PBXFileReference; lastKnownFileType = image.png; path = "splash@2x~iphone.png"; sourceTree = "<group>"; };
		96E18D841937F59100A5F47A /* splash~iphone.png */ = {isa = PBXFileReference; lastKnownFileType = image.png; path = "splash~iphone.png"; sourceTree = "<group>"; };
		96E18D871937F61A00A5F47A /* splash~iphoneR4.png */ = {isa = PBXFileReference; lastKnownFileType = image.png; path = "splash~iphoneR4.png"; sourceTree = "<group>"; };
		96E18D891937F72B00A5F47A /* icon-ipad.png */ = {isa = PBXFileReference; lastKnownFileType = image.png; path = "icon-ipad.png"; sourceTree = "<group>"; };
		96E18D8D1937F77300A5F47A /* icon-ipad@2x.png */ = {isa = PBXFileReference; lastKnownFileType = image.png; path = "icon-ipad@2x.png"; sourceTree = "<group>"; };
		96E18D8F1937F7F400A5F47A /* icon-iphone.png */ = {isa = PBXFileReference; lastKnownFileType = image.png; path = "icon-iphone.png"; sourceTree = "<group>"; };
		96E18D931937F83300A5F47A /* icon-iphone@2x.png */ = {isa = PBXFileReference; lastKnownFileType = image.png; path = "icon-iphone@2x.png"; sourceTree = "<group>"; };
		96E18D951937FF1700A5F47A /* StartScene.h */ = {isa = PBXFileReference; fileEncoding = 4; lastKnownFileType = sourcecode.c.h; path = StartScene.h; sourceTree = "<group>"; };
		96E18D961937FF1700A5F47A /* StartScene.m */ = {isa = PBXFileReference; fileEncoding = 4; lastKnownFileType = sourcecode.c.objc; path = StartScene.m; sourceTree = "<group>"; };
		96E18D9F1938093C00A5F47A /* MenuScene.h */ = {isa = PBXFileReference; fileEncoding = 4; lastKnownFileType = sourcecode.c.h; path = MenuScene.h; sourceTree = "<group>"; };
		96E18DA01938093C00A5F47A /* MenuScene.m */ = {isa = PBXFileReference; fileEncoding = 4; lastKnownFileType = sourcecode.c.objc; path = MenuScene.m; sourceTree = "<group>"; };
		96E18DB71938131F00A5F47A /* CreditsScene.h */ = {isa = PBXFileReference; fileEncoding = 4; lastKnownFileType = sourcecode.c.h; path = CreditsScene.h; sourceTree = "<group>"; };
		96E18DB81938131F00A5F47A /* CreditsScene.m */ = {isa = PBXFileReference; fileEncoding = 4; lastKnownFileType = sourcecode.c.objc; path = CreditsScene.m; sourceTree = "<group>"; };
		96E18DBA1938132800A5F47A /* HelpScene.h */ = {isa = PBXFileReference; fileEncoding = 4; lastKnownFileType = sourcecode.c.h; path = HelpScene.h; sourceTree = "<group>"; };
		96E18DBB1938132800A5F47A /* HelpScene.m */ = {isa = PBXFileReference; fileEncoding = 4; lastKnownFileType = sourcecode.c.objc; path = HelpScene.m; sourceTree = "<group>"; };
/* End PBXFileReference section */

/* Begin PBXFrameworksBuildPhase section */
		9646416D191A7E5F0008A0CA /* Frameworks */ = {
			isa = PBXFrameworksBuildPhase;
			buildActionMask = 2147483647;
			files = (
				96D3AACE1953C2510092B06D /* Social.framework in Frameworks */,
				96464176191A7E5F0008A0CA /* CoreGraphics.framework in Frameworks */,
				96464178191A7E5F0008A0CA /* UIKit.framework in Frameworks */,
				9646417A191A7E5F0008A0CA /* SpriteKit.framework in Frameworks */,
				96464174191A7E5F0008A0CA /* Foundation.framework in Frameworks */,
				9663276A1952351700A33673 /* GameKit.framework in Frameworks */,
			);
			runOnlyForDeploymentPostprocessing = 0;
		};
		96464195191A7E5F0008A0CA /* Frameworks */ = {
			isa = PBXFrameworksBuildPhase;
			buildActionMask = 2147483647;
			files = (
				9646419A191A7E5F0008A0CA /* XCTest.framework in Frameworks */,
				9646419C191A7E5F0008A0CA /* UIKit.framework in Frameworks */,
				9646419B191A7E5F0008A0CA /* Foundation.framework in Frameworks */,
			);
			runOnlyForDeploymentPostprocessing = 0;
		};
/* End PBXFrameworksBuildPhase section */

/* Begin PBXGroup section */
		96464167191A7E5F0008A0CA = {
			isa = PBXGroup;
			children = (
				9646417B191A7E5F0008A0CA /* MGD */,
				9646419F191A7E5F0008A0CA /* MGDTests */,
				96464172191A7E5F0008A0CA /* Frameworks */,
				96464171191A7E5F0008A0CA /* Products */,
			);
			sourceTree = "<group>";
		};
		96464171191A7E5F0008A0CA /* Products */ = {
			isa = PBXGroup;
			children = (
				96464170191A7E5F0008A0CA /* MGD.app */,
				96464198191A7E5F0008A0CA /* MGDTests.xctest */,
			);
			name = Products;
			sourceTree = "<group>";
		};
		96464172191A7E5F0008A0CA /* Frameworks */ = {
			isa = PBXGroup;
			children = (
				96D3AACD1953C2510092B06D /* Social.framework */,
				966327691952351700A33673 /* GameKit.framework */,
				96464173191A7E5F0008A0CA /* Foundation.framework */,
				96464175191A7E5F0008A0CA /* CoreGraphics.framework */,
				96464177191A7E5F0008A0CA /* UIKit.framework */,
				96464179191A7E5F0008A0CA /* SpriteKit.framework */,
				96464199191A7E5F0008A0CA /* XCTest.framework */,
			);
			name = Frameworks;
			sourceTree = "<group>";
		};
		9646417B191A7E5F0008A0CA /* MGD */ = {
			isa = PBXGroup;
			children = (
				9699ACF8191C6A6000E199B4 /* Audio */,
				9699ACF1191C5C1C00E199B4 /* Images */,
				96464184191A7E5F0008A0CA /* AppDelegate.h */,
				96464185191A7E5F0008A0CA /* AppDelegate.m */,
				96464187191A7E5F0008A0CA /* Main.storyboard */,
				9646418A191A7E5F0008A0CA /* ViewController.h */,
				9646418B191A7E5F0008A0CA /* ViewController.m */,
				9646418D191A7E5F0008A0CA /* MyScene.h */,
				9646418E191A7E5F0008A0CA /* MyScene.m */,
				96E18D951937FF1700A5F47A /* StartScene.h */,
				96E18D961937FF1700A5F47A /* StartScene.m */,
				96062D70192D88440089E3BB /* GameOverScene.h */,
				96062D71192D88440089E3BB /* GameOverScene.m */,
				96D3AACA1953B5B10092B06D /* LocalScoreBoardTableVC.h */,
				96D3AACB1953B5B10092B06D /* LocalScoreBoardTableVC.m */,
				96E18D9F1938093C00A5F47A /* MenuScene.h */,
				96E18DA01938093C00A5F47A /* MenuScene.m */,
				96E18DB71938131F00A5F47A /* CreditsScene.h */,
				96E18DB81938131F00A5F47A /* CreditsScene.m */,
				96E18DBA1938132800A5F47A /* HelpScene.h */,
				96E18DBB1938132800A5F47A /* HelpScene.m */,
				9663276B1952472700A33673 /* GCSingleton.h */,
				9663276C1952472700A33673 /* GCSingleton.m */,
				96D3AAC519539D690092B06D /* LocalScoreBoard.h */,
				96D3AAC619539D690092B06D /* LocalScoreBoard.m */,
				9646417C191A7E5F0008A0CA /* Supporting Files */,
				9635FB281921D28D008C9FF8 /* SKTUtils.h */,
				96E18D791937F43100A5F47A /* Images.xcassets */,
			);
			path = MGD;
			sourceTree = "<group>";
		};
		9646417C191A7E5F0008A0CA /* Supporting Files */ = {
			isa = PBXGroup;
			children = (
				9646417D191A7E5F0008A0CA /* MGD-Info.plist */,
				9646417E191A7E5F0008A0CA /* InfoPlist.strings */,
				96464181191A7E5F0008A0CA /* main.m */,
				96464183191A7E5F0008A0CA /* MGD-Prefix.pch */,
			);
			name = "Supporting Files";
			sourceTree = "<group>";
		};
		9646419F191A7E5F0008A0CA /* MGDTests */ = {
			isa = PBXGroup;
			children = (
				964641A5191A7E5F0008A0CA /* MGDTests.m */,
				964641A0191A7E5F0008A0CA /* Supporting Files */,
			);
			path = MGDTests;
			sourceTree = "<group>";
		};
		964641A0191A7E5F0008A0CA /* Supporting Files */ = {
			isa = PBXGroup;
			children = (
				964641A1191A7E5F0008A0CA /* MGDTests-Info.plist */,
				964641A2191A7E5F0008A0CA /* InfoPlist.strings */,
			);
			name = "Supporting Files";
			sourceTree = "<group>";
		};
		965F4F7C1948F287003F5C73 /* Ipad.atlasc */ = {
			isa = PBXGroup;
			children = (
				965F4F7D1948F287003F5C73 /* Ipad.1.png */,
				965F4F7E1948F287003F5C73 /* Ipad.1@2x.png */,
				965F4F7F1948F287003F5C73 /* Ipad.2@2x.png */,
				965F4F801948F287003F5C73 /* Ipad.3@2x.png */,
				965F4F811948F287003F5C73 /* Ipad.4@2x.png */,
				965F4F821948F287003F5C73 /* Ipad.5@2x.png */,
				965F4F831948F287003F5C73 /* Ipad.plist */,
			);
			path = Ipad.atlasc;
			sourceTree = "<group>";
		};
		965F4F841948F287003F5C73 /* Iphone.atlasc */ = {
			isa = PBXGroup;
			children = (
				965F4F851948F287003F5C73 /* Iphone.1.png */,
				965F4F861948F287003F5C73 /* Iphone.1@2x.png */,
				965F4F871948F287003F5C73 /* Iphone.plist */,
			);
			path = Iphone.atlasc;
			sourceTree = "<group>";
		};
		965F4F881948F287003F5C73 /* Iphone5.atlasc */ = {
			isa = PBXGroup;
			children = (
				965F4F891948F287003F5C73 /* Iphone5.1@2x.png */,
				965F4F8A1948F287003F5C73 /* Iphone5.plist */,
			);
			path = Iphone5.atlasc;
			sourceTree = "<group>";
		};
		9699ACF1191C5C1C00E199B4 /* Images */ = {
			isa = PBXGroup;
			children = (
				965F4F7C1948F287003F5C73 /* Ipad.atlasc */,
				965F4F841948F287003F5C73 /* Iphone.atlasc */,
				965F4F881948F287003F5C73 /* Iphone5.atlasc */,
				96E18D931937F83300A5F47A /* icon-iphone@2x.png */,
				96E18D8F1937F7F400A5F47A /* icon-iphone.png */,
				96E18D8D1937F77300A5F47A /* icon-ipad@2x.png */,
				96E18D891937F72B00A5F47A /* icon-ipad.png */,
				96E18D871937F61A00A5F47A /* splash~iphoneR4.png */,
				96E18D831937F59100A5F47A /* splash@2x~iphone.png */,
				96E18D841937F59100A5F47A /* splash~iphone.png */,
				96E18D7F1937F52A00A5F47A /* splash.png */,
				96E18D801937F52A00A5F47A /* splash@2x.png */,
			);
			name = Images;
			sourceTree = "<group>";
		};
		9699ACF8191C6A6000E199B4 /* Audio */ = {
			isa = PBXGroup;
			children = (
				9611B31B1925BF4B00B71CF4 /* frogGroan.wav */,
				9699ACFD191C7F9F00E199B4 /* frogJump.wav */,
				9699ACFE191C7F9F00E199B4 /* waterSplash.wav */,
			);
			name = Audio;
			sourceTree = "<group>";
		};
/* End PBXGroup section */

/* Begin PBXNativeTarget section */
		9646416F191A7E5F0008A0CA /* MGD */ = {
			isa = PBXNativeTarget;
			buildConfigurationList = 964641A9191A7E5F0008A0CA /* Build configuration list for PBXNativeTarget "MGD" */;
			buildPhases = (
				9646416C191A7E5F0008A0CA /* Sources */,
				9646416D191A7E5F0008A0CA /* Frameworks */,
				9646416E191A7E5F0008A0CA /* Resources */,
			);
			buildRules = (
			);
			dependencies = (
			);
			name = MGD;
			productName = MGD;
			productReference = 96464170191A7E5F0008A0CA /* MGD.app */;
			productType = "com.apple.product-type.application";
		};
		96464197191A7E5F0008A0CA /* MGDTests */ = {
			isa = PBXNativeTarget;
			buildConfigurationList = 964641AC191A7E5F0008A0CA /* Build configuration list for PBXNativeTarget "MGDTests" */;
			buildPhases = (
				96464194191A7E5F0008A0CA /* Sources */,
				96464195191A7E5F0008A0CA /* Frameworks */,
				96464196191A7E5F0008A0CA /* Resources */,
			);
			buildRules = (
			);
			dependencies = (
				9646419E191A7E5F0008A0CA /* PBXTargetDependency */,
			);
			name = MGDTests;
			productName = MGDTests;
			productReference = 96464198191A7E5F0008A0CA /* MGDTests.xctest */;
			productType = "com.apple.product-type.bundle.unit-test";
		};
/* End PBXNativeTarget section */

/* Begin PBXProject section */
		96464168191A7E5F0008A0CA /* Project object */ = {
			isa = PBXProject;
			attributes = {
				LastUpgradeCheck = 0510;
				ORGANIZATIONNAME = "Aaron Burke";
				TargetAttributes = {
					9646416F191A7E5F0008A0CA = {
						DevelopmentTeam = XTV3MF826H;
						SystemCapabilities = {
							com.apple.GameCenter = {
								enabled = 1;
							};
						};
					};
					96464197191A7E5F0008A0CA = {
						TestTargetID = 9646416F191A7E5F0008A0CA;
					};
				};
			};
			buildConfigurationList = 9646416B191A7E5F0008A0CA /* Build configuration list for PBXProject "MGD" */;
			compatibilityVersion = "Xcode 3.2";
			developmentRegion = English;
			hasScannedForEncodings = 0;
			knownRegions = (
				en,
				Base,
			);
			mainGroup = 96464167191A7E5F0008A0CA;
			productRefGroup = 96464171191A7E5F0008A0CA /* Products */;
			projectDirPath = "";
			projectRoot = "";
			targets = (
				9646416F191A7E5F0008A0CA /* MGD */,
				96464197191A7E5F0008A0CA /* MGDTests */,
			);
		};
/* End PBXProject section */

/* Begin PBXResourcesBuildPhase section */
		9646416E191A7E5F0008A0CA /* Resources */ = {
			isa = PBXResourcesBuildPhase;
			buildActionMask = 2147483647;
			files = (
				965F4F951948F287003F5C73 /* Iphone5.1@2x.png in Resources */,
				965F4F961948F287003F5C73 /* Iphone5.plist in Resources */,
				965F4F921948F287003F5C73 /* Iphone.1.png in Resources */,
				96E18D7A1937F43100A5F47A /* Images.xcassets in Resources */,
				96E18D881937F61A00A5F47A /* splash~iphoneR4.png in Resources */,
				96E18D911937F7F400A5F47A /* icon-iphone.png in Resources */,
				9699ACFF191C7F9F00E199B4 /* frogJump.wav in Resources */,
				96E18D851937F59100A5F47A /* splash@2x~iphone.png in Resources */,
				965F4F941948F287003F5C73 /* Iphone.plist in Resources */,
				965F4F931948F287003F5C73 /* Iphone.1@2x.png in Resources */,
				96E18D8E1937F77300A5F47A /* icon-ipad@2x.png in Resources */,
				96E18D821937F52A00A5F47A /* splash@2x.png in Resources */,
				96464180191A7E5F0008A0CA /* InfoPlist.strings in Resources */,
				965F4F8C1948F287003F5C73 /* Ipad.1@2x.png in Resources */,
				96E18D861937F59100A5F47A /* splash~iphone.png in Resources */,
				965F4F8F1948F287003F5C73 /* Ipad.4@2x.png in Resources */,
				9699AD00191C7F9F00E199B4 /* waterSplash.wav in Resources */,
				965F4F8B1948F287003F5C73 /* Ipad.1.png in Resources */,
				965F4F8D1948F287003F5C73 /* Ipad.2@2x.png in Resources */,
				965F4F911948F287003F5C73 /* Ipad.plist in Resources */,
				965F4F8E1948F287003F5C73 /* Ipad.3@2x.png in Resources */,
				96E18D8B1937F72B00A5F47A /* icon-ipad.png in Resources */,
				96E18D941937F83300A5F47A /* icon-iphone@2x.png in Resources */,
				9611B31C1925BF4B00B71CF4 /* frogGroan.wav in Resources */,
				96E18D811937F52A00A5F47A /* splash.png in Resources */,
				96464189191A7E5F0008A0CA /* Main.storyboard in Resources */,
				965F4F901948F287003F5C73 /* Ipad.5@2x.png in Resources */,
			);
			runOnlyForDeploymentPostprocessing = 0;
		};
		96464196191A7E5F0008A0CA /* Resources */ = {
			isa = PBXResourcesBuildPhase;
			buildActionMask = 2147483647;
			files = (
				964641A4191A7E5F0008A0CA /* InfoPlist.strings in Resources */,
			);
			runOnlyForDeploymentPostprocessing = 0;
		};
/* End PBXResourcesBuildPhase section */

/* Begin PBXSourcesBuildPhase section */
		9646416C191A7E5F0008A0CA /* Sources */ = {
			isa = PBXSourcesBuildPhase;
			buildActionMask = 2147483647;
			files = (
				96062D72192D88440089E3BB /* GameOverScene.m in Sources */,
				96E18DBC1938132800A5F47A /* HelpScene.m in Sources */,
				96E18D971937FF1700A5F47A /* StartScene.m in Sources */,
				96D3AACC1953B5B10092B06D /* LocalScoreBoardTableVC.m in Sources */,
				9646418F191A7E5F0008A0CA /* MyScene.m in Sources */,
				96E18DA11938093C00A5F47A /* MenuScene.m in Sources */,
				96D3AAC719539D690092B06D /* LocalScoreBoard.m in Sources */,
				9646418C191A7E5F0008A0CA /* ViewController.m in Sources */,
				96E18DB91938131F00A5F47A /* CreditsScene.m in Sources */,
				96464186191A7E5F0008A0CA /* AppDelegate.m in Sources */,
				96464182191A7E5F0008A0CA /* main.m in Sources */,
				9663276D1952472700A33673 /* GCSingleton.m in Sources */,
			);
			runOnlyForDeploymentPostprocessing = 0;
		};
		96464194191A7E5F0008A0CA /* Sources */ = {
			isa = PBXSourcesBuildPhase;
			buildActionMask = 2147483647;
			files = (
				964641A6191A7E5F0008A0CA /* MGDTests.m in Sources */,
			);
			runOnlyForDeploymentPostprocessing = 0;
		};
/* End PBXSourcesBuildPhase section */

/* Begin PBXTargetDependency section */
		9646419E191A7E5F0008A0CA /* PBXTargetDependency */ = {
			isa = PBXTargetDependency;
			target = 9646416F191A7E5F0008A0CA /* MGD */;
			targetProxy = 9646419D191A7E5F0008A0CA /* PBXContainerItemProxy */;
		};
/* End PBXTargetDependency section */

/* Begin PBXVariantGroup section */
		9646417E191A7E5F0008A0CA /* InfoPlist.strings */ = {
			isa = PBXVariantGroup;
			children = (
				9646417F191A7E5F0008A0CA /* en */,
			);
			name = InfoPlist.strings;
			sourceTree = "<group>";
		};
		96464187191A7E5F0008A0CA /* Main.storyboard */ = {
			isa = PBXVariantGroup;
			children = (
				96464188191A7E5F0008A0CA /* Base */,
			);
			name = Main.storyboard;
			sourceTree = "<group>";
		};
		964641A2191A7E5F0008A0CA /* InfoPlist.strings */ = {
			isa = PBXVariantGroup;
			children = (
				964641A3191A7E5F0008A0CA /* en */,
			);
			name = InfoPlist.strings;
			sourceTree = "<group>";
		};
/* End PBXVariantGroup section */

/* Begin XCBuildConfiguration section */
		964641A7191A7E5F0008A0CA /* Debug */ = {
			isa = XCBuildConfiguration;
			buildSettings = {
				ALWAYS_SEARCH_USER_PATHS = NO;
				CLANG_CXX_LANGUAGE_STANDARD = "gnu++0x";
				CLANG_CXX_LIBRARY = "libc++";
				CLANG_ENABLE_MODULES = YES;
				CLANG_ENABLE_OBJC_ARC = YES;
				CLANG_WARN_BOOL_CONVERSION = YES;
				CLANG_WARN_CONSTANT_CONVERSION = YES;
				CLANG_WARN_DIRECT_OBJC_ISA_USAGE = YES_ERROR;
				CLANG_WARN_EMPTY_BODY = YES;
				CLANG_WARN_ENUM_CONVERSION = YES;
				CLANG_WARN_INT_CONVERSION = YES;
				CLANG_WARN_OBJC_ROOT_CLASS = YES_ERROR;
				CLANG_WARN__DUPLICATE_METHOD_MATCH = YES;
				"CODE_SIGN_IDENTITY[sdk=iphoneos*]" = "iPhone Developer";
				COPY_PHASE_STRIP = NO;
				GCC_C_LANGUAGE_STANDARD = gnu99;
				GCC_DYNAMIC_NO_PIC = NO;
				GCC_OPTIMIZATION_LEVEL = 0;
				GCC_PREPROCESSOR_DEFINITIONS = (
					"DEBUG=1",
					"$(inherited)",
				);
				GCC_SYMBOLS_PRIVATE_EXTERN = NO;
				GCC_WARN_64_TO_32_BIT_CONVERSION = YES;
				GCC_WARN_ABOUT_RETURN_TYPE = YES_ERROR;
				GCC_WARN_UNDECLARED_SELECTOR = YES;
				GCC_WARN_UNINITIALIZED_AUTOS = YES_AGGRESSIVE;
				GCC_WARN_UNUSED_FUNCTION = YES;
				GCC_WARN_UNUSED_VARIABLE = YES;
				IPHONEOS_DEPLOYMENT_TARGET = 7.1;
				ONLY_ACTIVE_ARCH = YES;
				SDKROOT = iphoneos;
				TARGETED_DEVICE_FAMILY = 2;
			};
			name = Debug;
		};
		964641A8191A7E5F0008A0CA /* Release */ = {
			isa = XCBuildConfiguration;
			buildSettings = {
				ALWAYS_SEARCH_USER_PATHS = NO;
				CLANG_CXX_LANGUAGE_STANDARD = "gnu++0x";
				CLANG_CXX_LIBRARY = "libc++";
				CLANG_ENABLE_MODULES = YES;
				CLANG_ENABLE_OBJC_ARC = YES;
				CLANG_WARN_BOOL_CONVERSION = YES;
				CLANG_WARN_CONSTANT_CONVERSION = YES;
				CLANG_WARN_DIRECT_OBJC_ISA_USAGE = YES_ERROR;
				CLANG_WARN_EMPTY_BODY = YES;
				CLANG_WARN_ENUM_CONVERSION = YES;
				CLANG_WARN_INT_CONVERSION = YES;
				CLANG_WARN_OBJC_ROOT_CLASS = YES_ERROR;
				CLANG_WARN__DUPLICATE_METHOD_MATCH = YES;
				"CODE_SIGN_IDENTITY[sdk=iphoneos*]" = "iPhone Developer";
				COPY_PHASE_STRIP = YES;
				ENABLE_NS_ASSERTIONS = NO;
				GCC_C_LANGUAGE_STANDARD = gnu99;
				GCC_WARN_64_TO_32_BIT_CONVERSION = YES;
				GCC_WARN_ABOUT_RETURN_TYPE = YES_ERROR;
				GCC_WARN_UNDECLARED_SELECTOR = YES;
				GCC_WARN_UNINITIALIZED_AUTOS = YES_AGGRESSIVE;
				GCC_WARN_UNUSED_FUNCTION = YES;
				GCC_WARN_UNUSED_VARIABLE = YES;
				IPHONEOS_DEPLOYMENT_TARGET = 7.1;
				SDKROOT = iphoneos;
				TARGETED_DEVICE_FAMILY = 2;
				VALIDATE_PRODUCT = YES;
			};
			name = Release;
		};
		964641AA191A7E5F0008A0CA /* Debug */ = {
			isa = XCBuildConfiguration;
			buildSettings = {
				ASSETCATALOG_COMPILER_APPICON_NAME = AppIcon;
				ASSETCATALOG_COMPILER_LAUNCHIMAGE_NAME = LaunchImage;
				CODE_SIGN_IDENTITY = "iPhone Developer";
				"CODE_SIGN_IDENTITY[sdk=iphoneos*]" = "iPhone Developer";
				GCC_PRECOMPILE_PREFIX_HEADER = YES;
				GCC_PREFIX_HEADER = "MGD/MGD-Prefix.pch";
				INFOPLIST_FILE = "MGD/MGD-Info.plist";
				PRODUCT_NAME = "$(TARGET_NAME)";
				PROVISIONING_PROFILE = "";
				SPRITEKIT_TEXTURE_ATLAS_OUTPUT = YES;
				TARGETED_DEVICE_FAMILY = "1,2";
				WRAPPER_EXTENSION = app;
			};
			name = Debug;
		};
		964641AB191A7E5F0008A0CA /* Release */ = {
			isa = XCBuildConfiguration;
			buildSettings = {
				ASSETCATALOG_COMPILER_APPICON_NAME = AppIcon;
				ASSETCATALOG_COMPILER_LAUNCHIMAGE_NAME = LaunchImage;
				CODE_SIGN_IDENTITY = "iPhone Developer";
				"CODE_SIGN_IDENTITY[sdk=iphoneos*]" = "iPhone Developer";
				GCC_PRECOMPILE_PREFIX_HEADER = YES;
				GCC_PREFIX_HEADER = "MGD/MGD-Prefix.pch";
				INFOPLIST_FILE = "MGD/MGD-Info.plist";
				PRODUCT_NAME = "$(TARGET_NAME)";
				PROVISIONING_PROFILE = "";
				SPRITEKIT_TEXTURE_ATLAS_OUTPUT = YES;
				TARGETED_DEVICE_FAMILY = "1,2";
				WRAPPER_EXTENSION = app;
			};
			name = Release;
		};
		964641AD191A7E5F0008A0CA /* Debug */ = {
			isa = XCBuildConfiguration;
			buildSettings = {
				BUNDLE_LOADER = "$(BUILT_PRODUCTS_DIR)/MGD.app/MGD";
				FRAMEWORK_SEARCH_PATHS = (
					"$(SDKROOT)/Developer/Library/Frameworks",
					"$(inherited)",
					"$(DEVELOPER_FRAMEWORKS_DIR)",
				);
				GCC_PRECOMPILE_PREFIX_HEADER = YES;
				GCC_PREFIX_HEADER = "MGD/MGD-Prefix.pch";
				GCC_PREPROCESSOR_DEFINITIONS = (
					"DEBUG=1",
					"$(inherited)",
				);
				INFOPLIST_FILE = "MGDTests/MGDTests-Info.plist";
				PRODUCT_NAME = "$(TARGET_NAME)";
				TEST_HOST = "$(BUNDLE_LOADER)";
				WRAPPER_EXTENSION = xctest;
			};
			name = Debug;
		};
		964641AE191A7E5F0008A0CA /* Release */ = {
			isa = XCBuildConfiguration;
			buildSettings = {
				BUNDLE_LOADER = "$(BUILT_PRODUCTS_DIR)/MGD.app/MGD";
				FRAMEWORK_SEARCH_PATHS = (
					"$(SDKROOT)/Developer/Library/Frameworks",
					"$(inherited)",
					"$(DEVELOPER_FRAMEWORKS_DIR)",
				);
				GCC_PRECOMPILE_PREFIX_HEADER = YES;
				GCC_PREFIX_HEADER = "MGD/MGD-Prefix.pch";
				INFOPLIST_FILE = "MGDTests/MGDTests-Info.plist";
				PRODUCT_NAME = "$(TARGET_NAME)";
				TEST_HOST = "$(BUNDLE_LOADER)";
				WRAPPER_EXTENSION = xctest;
			};
			name = Release;
		};
/* End XCBuildConfiguration section */

/* Begin XCConfigurationList section */
		9646416B191A7E5F0008A0CA /* Build configuration list for PBXProject "MGD" */ = {
			isa = XCConfigurationList;
			buildConfigurations = (
				964641A7191A7E5F0008A0CA /* Debug */,
				964641A8191A7E5F0008A0CA /* Release */,
			);
			defaultConfigurationIsVisible = 0;
			defaultConfigurationName = Release;
		};
		964641A9191A7E5F0008A0CA /* Build configuration list for PBXNativeTarget "MGD" */ = {
			isa = XCConfigurationList;
			buildConfigurations = (
				964641AA191A7E5F0008A0CA /* Debug */,
				964641AB191A7E5F0008A0CA /* Release */,
			);
			defaultConfigurationIsVisible = 0;
			defaultConfigurationName = Release;
		};
		964641AC191A7E5F0008A0CA /* Build configuration list for PBXNativeTarget "MGDTests" */ = {
			isa = XCConfigurationList;
			buildConfigurations = (
				964641AD191A7E5F0008A0CA /* Debug */,
				964641AE191A7E5F0008A0CA /* Release */,
			);
			defaultConfigurationIsVisible = 0;
			defaultConfigurationName = Release;
		};
/* End XCConfigurationList section */
	};
	rootObject = 96464168191A7E5F0008A0CA /* Project object */;
}
